
Microsoft Visual Studio Solution File, Format Version 12.00
# Visual Studio Version 16
VisualStudioVersion = 16.0.29201.188
MinimumVisualStudioVersion = 10.0.40219.1
Project("{9A19103F-16F7-4668-BE54-9A1E7A4F7556}") = "Business", "Business\Business.csproj", "{898E80AC-C587-4E66-A0AB-05AD31CD6C79}"
EndProject
Project("{9A19103F-16F7-4668-BE54-9A1E7A4F7556}") = "Core", "Core\Core.csproj", "{4D21FC21-729C-4644-98B4-1BA1AEE640E1}"
EndProject
Project("{9A19103F-16F7-4668-BE54-9A1E7A4F7556}") = "DataAccess", "DataAccess\DataAccess.csproj", "{E604FD8D-C9F1-47E4-A46F-6D683976987C}"
EndProject
Project("{9A19103F-16F7-4668-BE54-9A1E7A4F7556}") = "Entities", "Entities\Entities.csproj", "{215CBBD0-CD47-4799-AA6B-B1B024F75680}"
EndProject
Project("{9A19103F-16F7-4668-BE54-9A1E7A4F7556}") = "WebAPI", "WebAPI\WebAPI.csproj", "{C9BD8A96-E235-4558-A36D-771411B77527}"
EndProject
Global
	GlobalSection(SolutionConfigurationPlatforms) = preSolution
		Debug|Any CPU = Debug|Any CPU
		Release|Any CPU = Release|Any CPU
	EndGlobalSection
	GlobalSection(ProjectConfigurationPlatforms) = postSolution
		{898E80AC-C587-4E66-A0AB-05AD31CD6C79}.Debug|Any CPU.ActiveCfg = Debug|Any CPU
		{898E80AC-C587-4E66-A0AB-05AD31CD6C79}.Debug|Any CPU.Build.0 = Debug|Any CPU
		{898E80AC-C587-4E66-A0AB-05AD31CD6C79}.Release|Any CPU.ActiveCfg = Release|Any CPU
		{898E80AC-C587-4E66-A0AB-05AD31CD6C79}.Release|Any CPU.Build.0 = Release|Any CPU
		{4D21FC21-729C-4644-98B4-1BA1AEE640E1}.Debug|Any CPU.ActiveCfg = Debug|Any CPU
		{4D21FC21-729C-4644-98B4-1BA1AEE640E1}.Debug|Any CPU.Build.0 = Debug|Any CPU
		{4D21FC21-729C-4644-98B4-1BA1AEE640E1}.Release|Any CPU.ActiveCfg = Release|Any CPU
		{4D21FC21-729C-4644-98B4-1BA1AEE640E1}.Release|Any CPU.Build.0 = Release|Any CPU
		{E604FD8D-C9F1-47E4-A46F-6D683976987C}.Debug|Any CPU.ActiveCfg = Debug|Any CPU
		{E604FD8D-C9F1-47E4-A46F-6D683976987C}.Debug|Any CPU.Build.0 = Debug|Any CPU
		{E604FD8D-C9F1-47E4-A46F-6D683976987C}.Release|Any CPU.ActiveCfg = Release|Any CPU
		{E604FD8D-C9F1-47E4-A46F-6D683976987C}.Release|Any CPU.Build.0 = Release|Any CPU
		{215CBBD0-CD47-4799-AA6B-B1B024F75680}.Debug|Any CPU.ActiveCfg = Debug|Any CPU
		{215CBBD0-CD47-4799-AA6B-B1B024F75680}.Debug|Any CPU.Build.0 = Debug|Any CPU
		{215CBBD0-CD47-4799-AA6B-B1B024F75680}.Release|Any CPU.ActiveCfg = Release|Any CPU
		{215CBBD0-CD47-4799-AA6B-B1B024F75680}.Release|Any CPU.Build.0 = Release|Any CPU
		{C9BD8A96-E235-4558-A36D-771411B77527}.Debug|Any CPU.ActiveCfg = Debug|Any CPU
		{C9BD8A96-E235-4558-A36D-771411B77527}.Debug|Any CPU.Build.0 = Debug|Any CPU
		{C9BD8A96-E235-4558-A36D-771411B77527}.Release|Any CPU.ActiveCfg = Release|Any CPU
		{C9BD8A96-E235-4558-A36D-771411B77527}.Release|Any CPU.Build.0 = Release|Any CPU
	EndGlobalSection
	GlobalSection(SolutionProperties) = preSolution
		HideSolutionNode = FALSE
	EndGlobalSection
	GlobalSection(ExtensibilityGlobals) = postSolution
		SolutionGuid = {C9E4E955-C88E-4328-9165-ABA94BE0DFED}
	EndGlobalSection
EndGlobal
